
Microsoft Visual Studio Solution File, Format Version 12.00
# Visual Studio Version 17
VisualStudioVersion = 17.8.34330.188
MinimumVisualStudioVersion = 10.0.40219.1
Project("{FAE04EC0-301F-11D3-BF4B-00C04F79EFBC}") = "Variable_Assignment", "Variable_Assignment.csproj", "{884656A6-299E-4DFF-94E5-DBE24F0CD878}"
EndProject
Global
	GlobalSection(SolutionConfigurationPlatforms) = preSolution
		Debug|Any CPU = Debug|Any CPU
		Release|Any CPU = Release|Any CPU
	EndGlobalSection
	GlobalSection(ProjectConfigurationPlatforms) = postSolution
		{884656A6-299E-4DFF-94E5-DBE24F0CD878}.Debug|Any CPU.ActiveCfg = Debug|Any CPU
		{884656A6-299E-4DFF-94E5-DBE24F0CD878}.Debug|Any CPU.Build.0 = Debug|Any CPU
		{884656A6-299E-4DFF-94E5-DBE24F0CD878}.Release|Any CPU.ActiveCfg = Release|Any CPU
		{884656A6-299E-4DFF-94E5-DBE24F0CD878}.Release|Any CPU.Build.0 = Release|Any CPU
	EndGlobalSection
	GlobalSection(SolutionProperties) = preSolution
		HideSolutionNode = FALSE
	EndGlobalSection
	GlobalSection(ExtensibilityGlobals) = postSolution
		SolutionGuid = {B3F840C8-5A41-4688-AA84-45F903115DEE}
	EndGlobalSection
EndGlobal
